Microsoft Visual Studio Solution File, Format Version 12.00
# Visual Studio 14
VisualStudioVersion = 14.0.23107.0
MinimumVisualStudioVersion = 10.0.40219.1
Project("{FAE04EC0-301F-11D3-BF4B-00C04F79EFBC}") = "AurelionSol", "AurelionSol\AurelionSol\AurelionSol.csproj", "{2C4CFE40-5BD8-434A-8DBE-ADE2C3ED3DE9}"
EndProject
Project("{FAE04EC0-301F-11D3-BF4B-00C04F79EFBC}") = "AutoSteal", "AutoSteal\AutoSteal\AutoSteal.csproj", "{D4546872-9EC5-46C4-9108-8771D04B9677}"
EndProject
Project("{FAE04EC0-301F-11D3-BF4B-00C04F79EFBC}") = "KappaBrand", "Brand\KappaBrand\KappaBrand.csproj", "{4D62B312-8828-4CF0-805D-E2D88B90F22F}"
EndProject
Project("{FAE04EC0-301F-11D3-BF4B-00C04F79EFBC}") = "KappaDarius", "Darius\Darius\KappaDarius.csproj", "{73257630-9B32-4246-B59D-82A376563345}"
EndProject
Project("{FAE04EC0-301F-11D3-BF4B-00C04F79EFBC}") = "KappaEkko", "KappaEkko\KappaEkko\KappaEkko.csproj", "{27ABFBB6-B914-4CE4-B774-EEE3987FE604}"
EndProject
Project("{FAE04EC0-301F-11D3-BF4B-00C04F79EFBC}") = "KappaKindred", "KappaKindred\KappaKindred\KappaKindred.csproj", "{6908865A-A96D-48F4-9F2C-B39F45DF97C5}"
EndProject
Project("{FAE04EC0-301F-11D3-BF4B-00C04F79EFBC}") = "KappaLissandra", "KappaLissandra\KappaLissandra\KappaLissandra.csproj", "{FEC8FDAC-C33F-4AC9-A75F-9438C2139B31}"
EndProject
Project("{FAE04EC0-301F-11D3-BF4B-00C04F79EFBC}") = "KappaUtility", "KappaUtility\KappaUtility\KappaUtility.csproj", "{BB55F928-C8E2-42AE-8017-FEEC04AF7035}"
EndProject
Project("{FAE04EC0-301F-11D3-BF4B-00C04F79EFBC}") = "Karthus", "Karthus\Karthus\Karthus.csproj", "{77CFD93C-BE63-4577-9860-E44DDA2A06E7}"
EndProject
Project("{FAE04EC0-301F-11D3-BF4B-00C04F79EFBC}") = "Lulu", "Lulu\Lulu.csproj", "{A4D9BA40-BD70-4A04-9988-246E556338FA}"
EndProject
Project("{FAE04EC0-301F-11D3-BF4B-00C04F79EFBC}") = "Malzhar", "Malzahar\Malzhar.csproj", "{70AF6D65-56CE-4A77-9023-BAC3C4064D49}"
EndProject
Project("{FAE04EC0-301F-11D3-BF4B-00C04F79EFBC}") = "Olaf", "Olaf\Olaf.csproj", "{234BAD7C-29F7-42F0-A341-46D9F4CCC472}"
EndProject
Project("{FAE04EC0-301F-11D3-BF4B-00C04F79EFBC}") = "Wukong", "Wukong\Wukong\Wukong.csproj", "{26029CA2-33D9-4FBE-BE1A-73F80F878CBA}"
EndProject
Global
	GlobalSection(SolutionConfigurationPlatforms) = preSolution
		Debug|x86 = Debug|x86
		Release|x86 = Release|x86
	EndGlobalSection
	GlobalSection(ProjectConfigurationPlatforms) = postSolution
		{2C4CFE40-5BD8-434A-8DBE-ADE2C3ED3DE9}.Debug|x86.ActiveCfg = Debug|Any CPU
		{2C4CFE40-5BD8-434A-8DBE-ADE2C3ED3DE9}.Debug|x86.Build.0 = Debug|Any CPU
		{2C4CFE40-5BD8-434A-8DBE-ADE2C3ED3DE9}.Release|x86.ActiveCfg = Release|Any CPU
		{2C4CFE40-5BD8-434A-8DBE-ADE2C3ED3DE9}.Release|x86.Build.0 = Release|Any CPU
		{D4546872-9EC5-46C4-9108-8771D04B9677}.Debug|x86.ActiveCfg = Debug|Any CPU
		{D4546872-9EC5-46C4-9108-8771D04B9677}.Debug|x86.Build.0 = Debug|Any CPU
		{D4546872-9EC5-46C4-9108-8771D04B9677}.Release|x86.ActiveCfg = Release|Any CPU
		{D4546872-9EC5-46C4-9108-8771D04B9677}.Release|x86.Build.0 = Release|Any CPU
		{4D62B312-8828-4CF0-805D-E2D88B90F22F}.Debug|x86.ActiveCfg = Debug|Any CPU
		{4D62B312-8828-4CF0-805D-E2D88B90F22F}.Debug|x86.Build.0 = Debug|Any CPU
		{4D62B312-8828-4CF0-805D-E2D88B90F22F}.Release|x86.ActiveCfg = Release|Any CPU
		{4D62B312-8828-4CF0-805D-E2D88B90F22F}.Release|x86.Build.0 = Release|Any CPU
		{73257630-9B32-4246-B59D-82A376563345}.Debug|x86.ActiveCfg = Debug|Any CPU
		{73257630-9B32-4246-B59D-82A376563345}.Debug|x86.Build.0 = Debug|Any CPU
		{73257630-9B32-4246-B59D-82A376563345}.Release|x86.ActiveCfg = Release|Any CPU
		{73257630-9B32-4246-B59D-82A376563345}.Release|x86.Build.0 = Release|Any CPU
		{27ABFBB6-B914-4CE4-B774-EEE3987FE604}.Debug|x86.ActiveCfg = Debug|Any CPU
		{27ABFBB6-B914-4CE4-B774-EEE3987FE604}.Debug|x86.Build.0 = Debug|Any CPU
		{27ABFBB6-B914-4CE4-B774-EEE3987FE604}.Release|x86.ActiveCfg = Release|Any CPU
		{27ABFBB6-B914-4CE4-B774-EEE3987FE604}.Release|x86.Build.0 = Release|Any CPU
		{6908865A-A96D-48F4-9F2C-B39F45DF97C5}.Debug|x86.ActiveCfg = Debug|Any CPU
		{6908865A-A96D-48F4-9F2C-B39F45DF97C5}.Debug|x86.Build.0 = Debug|Any CPU
		{6908865A-A96D-48F4-9F2C-B39F45DF97C5}.Release|x86.ActiveCfg = Release|Any CPU
		{6908865A-A96D-48F4-9F2C-B39F45DF97C5}.Release|x86.Build.0 = Release|Any CPU
		{FEC8FDAC-C33F-4AC9-A75F-9438C2139B31}.Debug|x86.ActiveCfg = Debug|Any CPU
		{FEC8FDAC-C33F-4AC9-A75F-9438C2139B31}.Debug|x86.Build.0 = Debug|Any CPU
		{FEC8FDAC-C33F-4AC9-A75F-9438C2139B31}.Release|x86.ActiveCfg = Release|Any CPU
		{FEC8FDAC-C33F-4AC9-A75F-9438C2139B31}.Release|x86.Build.0 = Release|Any CPU
		{BB55F928-C8E2-42AE-8017-FEEC04AF7035}.Debug|x86.ActiveCfg = Debug|Any CPU
		{BB55F928-C8E2-42AE-8017-FEEC04AF7035}.Debug|x86.Build.0 = Debug|Any CPU
		{BB55F928-C8E2-42AE-8017-FEEC04AF7035}.Release|x86.ActiveCfg = Release|Any CPU
		{BB55F928-C8E2-42AE-8017-FEEC04AF7035}.Release|x86.Build.0 = Release|Any CPU
		{77CFD93C-BE63-4577-9860-E44DDA2A06E7}.Debug|x86.ActiveCfg = Debug|Any CPU
		{77CFD93C-BE63-4577-9860-E44DDA2A06E7}.Debug|x86.Build.0 = Debug|Any CPU
		{77CFD93C-BE63-4577-9860-E44DDA2A06E7}.Release|x86.ActiveCfg = Release|Any CPU
		{77CFD93C-BE63-4577-9860-E44DDA2A06E7}.Release|x86.Build.0 = Release|Any CPU
		{A4D9BA40-BD70-4A04-9988-246E556338FA}.Debug|x86.ActiveCfg = Debug|Any CPU
		{A4D9BA40-BD70-4A04-9988-246E556338FA}.Debug|x86.Build.0 = Debug|Any CPU
		{A4D9BA40-BD70-4A04-9988-246E556338FA}.Release|x86.ActiveCfg = Release|Any CPU
		{A4D9BA40-BD70-4A04-9988-246E556338FA}.Release|x86.Build.0 = Release|Any CPU
		{70AF6D65-56CE-4A77-9023-BAC3C4064D49}.Debug|x86.ActiveCfg = Debug|Any CPU
		{70AF6D65-56CE-4A77-9023-BAC3C4064D49}.Debug|x86.Build.0 = Debug|Any CPU
		{70AF6D65-56CE-4A77-9023-BAC3C4064D49}.Release|x86.ActiveCfg = Release|Any CPU
		{70AF6D65-56CE-4A77-9023-BAC3C4064D49}.Release|x86.Build.0 = Release|Any CPU
		{234BAD7C-29F7-42F0-A341-46D9F4CCC472}.Debug|x86.ActiveCfg = Debug|Any CPU
		{234BAD7C-29F7-42F0-A341-46D9F4CCC472}.Debug|x86.Build.0 = Debug|Any CPU
		{234BAD7C-29F7-42F0-A341-46D9F4CCC472}.Release|x86.ActiveCfg = Release|Any CPU
		{234BAD7C-29F7-42F0-A341-46D9F4CCC472}.Release|x86.Build.0 = Release|Any CPU
		{26029CA2-33D9-4FBE-BE1A-73F80F878CBA}.Debug|x86.ActiveCfg = Debug|Any CPU
		{26029CA2-33D9-4FBE-BE1A-73F80F878CBA}.Debug|x86.Build.0 = Debug|Any CPU
		{26029CA2-33D9-4FBE-BE1A-73F80F878CBA}.Release|x86.ActiveCfg = Release|Any CPU
		{26029CA2-33D9-4FBE-BE1A-73F80F878CBA}.Release|x86.Build.0 = Release|Any CPU
	EndGlobalSection
	GlobalSection(SolutionProperties) = preSolution
		HideSolutionNode = FALSE
	EndGlobalSection
EndGlobal
